
Microsoft Visual Studio Solution File, Format Version 12.00
# Visual Studio Version 16
VisualStudioVersion = 16.0.31129.286
MinimumVisualStudioVersion = 10.0.40219.1
Project("{FAE04EC0-301F-11D3-BF4B-00C04F79EFBC}") = "Klavye Efendisi V3", "Klavye Efendisi V3\Klavye Efendisi V3.csproj", "{F5E320DF-41B1-406B-B5E3-BA0DE9A8496D}"
EndProject
Global
	GlobalSection(SolutionConfigurationPlatforms) = preSolution
		Debug|Any CPU = Debug|Any CPU
		Release|Any CPU = Release|Any CPU
	EndGlobalSection
	GlobalSection(ProjectConfigurationPlatforms) = postSolution
		{F5E320DF-41B1-406B-B5E3-BA0DE9A8496D}.Debug|Any CPU.ActiveCfg = Debug|Any CPU
		{F5E320DF-41B1-406B-B5E3-BA0DE9A8496D}.Debug|Any CPU.Build.0 = Debug|Any CPU
		{F5E320DF-41B1-406B-B5E3-BA0DE9A8496D}.Release|Any CPU.ActiveCfg = Release|Any CPU
		{F5E320DF-41B1-406B-B5E3-BA0DE9A8496D}.Release|Any CPU.Build.0 = Release|Any CPU
	EndGlobalSection
	GlobalSection(SolutionProperties) = preSolution
		HideSolutionNode = FALSE
	EndGlobalSection
	GlobalSection(ExtensibilityGlobals) = postSolution
		SolutionGuid = {D8711D3A-F0C4-402C-9733-5AEE28849445}
	EndGlobalSection
EndGlobal
